{
  "name": "test-ez-email",
  "version": "1.0.1",
  "lockfileVersion": 1,
  "requires": true,
  "dependencies": {
    "dotenv": {
      "version": "8.6.0",
      "resolved": "https://registry.npmjs.org/dotenv/-/dotenv-8.6.0.tgz",
      "integrity": "sha512-IrPdXQsk2BbzvCBGBOTmmSH5SodmqZNt4ERAZDmW4CT+tL8VtvinqywuANaFu4bOMWki16nqf0e4oC0QIaDr/g=="
    },
    "ez-email": {
      "version": "1.0.9",
      "resolved": "https://registry.npmjs.org/ez-email/-/ez-email-1.0.9.tgz",
      "integrity": "sha512-GqChdGmpySCu7C4Vw4s3LAr37EIDhvDiQ89O4g2Xi9fUmRp73gSLYd1F6e7UFYPHbpuVY8hP9sWGsW20PiRQNg==",
      "requires": {
        "dotenv": "^8.2.0",
        "nodemailer": "^6.3.1"
      }
    },
    "nodemailer": {
      "version": "6.6.0",
      "resolved": "https://registry.npmjs.org/nodemailer/-/nodemailer-6.6.0.tgz",
      "integrity": "sha512-ikSMDU1nZqpo2WUPE0wTTw/NGGImTkwpJKDIFPZT+YvvR9Sj+ze5wzu95JHkBMglQLoG2ITxU21WukCC/XsFkg=="
    }
  }
}
