{
  "name": "test-ez-email",
  "version": "1.0.1",
  "lockfileVersion": 1,
  "requires": true,
  "dependencies": {
    "dotenv": {
      "version": "8.2.0",
      "resolved": "https://registry.npmjs.org/dotenv/-/dotenv-8.2.0.tgz",
      "integrity": "sha512-8sJ78ElpbDJBHNeBzUbUVLsqKdccaa/BXF1uPTw3GrvQTBgrQrtObr2mUrE38vzYd8cEv+m/JBfDLioYcfXoaw=="
    },
    "ez-email": {
      "version": "1.0.2",
      "resolved": "https://registry.npmjs.org/ez-email/-/ez-email-1.0.2.tgz",
      "integrity": "sha512-rJDDT0Uq5KtpU3JGskz/gp0ZpK9pWQSGYn0cIy7+GfR2CIHuwybMXnZKh7skrXA7pkH+z5KyTPo36BdAG4CRhw==",
      "requires": {
        "dotenv": "^8.2.0",
        "nodemailer": "^6.3.1"
      }
    },
    "nodemailer": {
      "version": "6.3.1",
      "resolved": "https://registry.npmjs.org/nodemailer/-/nodemailer-6.3.1.tgz",
      "integrity": "sha512-j0BsSyaMlyadEDEypK/F+xlne2K5m6wzPYMXS/yxKI0s7jmT1kBx6GEKRVbZmyYfKOsjkeC/TiMVDJBI/w5gMQ=="
    }
  }
}
